
Microsoft Visual Studio Solution File, Format Version 12.00
# Visual Studio Version 17
VisualStudioVersion = 17.5.002.0
MinimumVisualStudioVersion = 10.0.40219.1
Project("{9A19103F-16F7-4668-BE54-9A1E7A4F7556}") = "KITT.Web.ReCaptcha.Sample.v2.BlazorServer", "KITT.Web.ReCaptcha.Sample.v2.BlazorServer\KITT.Web.ReCaptcha.Sample.v2.BlazorServer.csproj", "{C6DF7C70-8844-4581-8C84-5A232D1A7A23}"
EndProject
Project("{9A19103F-16F7-4668-BE54-9A1E7A4F7556}") = "KITT.Web.ReCaptcha.Sample.v2.Wasm", "KITT.Web.ReCaptcha.Sample.v2.Wasm\KITT.Web.ReCaptcha.Sample.v2.Wasm.csproj", "{B60AECBC-42B0-4C01-AE31-E3807F63BE26}"
EndProject
Project("{9A19103F-16F7-4668-BE54-9A1E7A4F7556}") = "KITT.Web.ReCaptcha.Sample.v2.Wasm.Api", "KITT.Web.ReCaptcha.Sample.v2.Wasm.Api\KITT.Web.ReCaptcha.Sample.v2.Wasm.Api.csproj", "{2D9C4A5F-C27E-43FC-8226-C6900800521A}"
EndProject
Global
	GlobalSection(SolutionConfigurationPlatforms) = preSolution
		Debug|Any CPU = Debug|Any CPU
		Release|Any CPU = Release|Any CPU
	EndGlobalSection
	GlobalSection(ProjectConfigurationPlatforms) = postSolution
		{C6DF7C70-8844-4581-8C84-5A232D1A7A23}.Debug|Any CPU.ActiveCfg = Debug|Any CPU
		{C6DF7C70-8844-4581-8C84-5A232D1A7A23}.Debug|Any CPU.Build.0 = Debug|Any CPU
		{C6DF7C70-8844-4581-8C84-5A232D1A7A23}.Release|Any CPU.ActiveCfg = Release|Any CPU
		{C6DF7C70-8844-4581-8C84-5A232D1A7A23}.Release|Any CPU.Build.0 = Release|Any CPU
		{B60AECBC-42B0-4C01-AE31-E3807F63BE26}.Debug|Any CPU.ActiveCfg = Debug|Any CPU
		{B60AECBC-42B0-4C01-AE31-E3807F63BE26}.Debug|Any CPU.Build.0 = Debug|Any CPU
		{B60AECBC-42B0-4C01-AE31-E3807F63BE26}.Release|Any CPU.ActiveCfg = Release|Any CPU
		{B60AECBC-42B0-4C01-AE31-E3807F63BE26}.Release|Any CPU.Build.0 = Release|Any CPU
		{2D9C4A5F-C27E-43FC-8226-C6900800521A}.Debug|Any CPU.ActiveCfg = Debug|Any CPU
		{2D9C4A5F-C27E-43FC-8226-C6900800521A}.Debug|Any CPU.Build.0 = Debug|Any CPU
		{2D9C4A5F-C27E-43FC-8226-C6900800521A}.Release|Any CPU.ActiveCfg = Release|Any CPU
		{2D9C4A5F-C27E-43FC-8226-C6900800521A}.Release|Any CPU.Build.0 = Release|Any CPU
	EndGlobalSection
	GlobalSection(SolutionProperties) = preSolution
		HideSolutionNode = FALSE
	EndGlobalSection
	GlobalSection(ExtensibilityGlobals) = postSolution
		SolutionGuid = {8230FB08-24D8-4F49-8D0C-8BB8492C26FD}
	EndGlobalSection
EndGlobal
