
Microsoft Visual Studio Solution File, Format Version 12.00
# Visual Studio Version 17
VisualStudioVersion = 17.0.31903.59
MinimumVisualStudioVersion = 10.0.40219.1
Project("{2150E333-8FDC-42A3-9474-1A3956D46DE8}") = "samples", "samples", "{9F2FE018-66B6-420A-AB1F-F482EA4569B7}"
EndProject
Project("{2150E333-8FDC-42A3-9474-1A3956D46DE8}") = "src", "src", "{39770B25-6549-41C3-B2A6-8D652F2B4DAD}"
EndProject
Project("{9A19103F-16F7-4668-BE54-9A1E7A4F7556}") = "KITT.Web.ReCaptcha.Blazor", "src\KITT.Web.ReCaptcha.Blazor\KITT.Web.ReCaptcha.Blazor.csproj", "{0A4FEE9D-D231-4206-AF20-6CE27837FF86}"
EndProject
Project("{9A19103F-16F7-4668-BE54-9A1E7A4F7556}") = "KITT.Web.ReCaptcha.Http", "src\KITT.Web.ReCaptcha.Http\KITT.Web.ReCaptcha.Http.csproj", "{5056DCCA-021C-45CC-AB85-D554BE7A418C}"
EndProject
Project("{2150E333-8FDC-42A3-9474-1A3956D46DE8}") = "tests", "tests", "{666921F2-3F1C-41CB-B20C-AD80DC19C147}"
EndProject
Project("{9A19103F-16F7-4668-BE54-9A1E7A4F7556}") = "KITT.Web.ReCaptcha.Blazor.Test", "tests\KITT.Web.ReCaptcha.Blazor.Test\KITT.Web.ReCaptcha.Blazor.Test.csproj", "{E9C2AD1C-C45F-4076-855F-E4A8BBB69685}"
EndProject
Project("{9A19103F-16F7-4668-BE54-9A1E7A4F7556}") = "KITT.Web.ReCaptcha.Http.Test", "tests\KITT.Web.ReCaptcha.Http.Test\KITT.Web.ReCaptcha.Http.Test.csproj", "{3D97264E-43DD-47DF-8549-8DA4FB764A16}"
EndProject
Project("{2150E333-8FDC-42A3-9474-1A3956D46DE8}") = "Solution Items", "Solution Items", "{77B59A0C-38A4-4011-B63A-6D581C9476B9}"
	ProjectSection(SolutionItems) = preProject
		README.md = README.md
	EndProjectSection
EndProject
Project("{2150E333-8FDC-42A3-9474-1A3956D46DE8}") = "v2", "v2", "{03409057-8768-4B73-B81E-33524D5B5575}"
EndProject
Project("{2150E333-8FDC-42A3-9474-1A3956D46DE8}") = "v3", "v3", "{4475A800-676E-4CB5-9044-D4C37DDE61E8}"
EndProject
Project("{9A19103F-16F7-4668-BE54-9A1E7A4F7556}") = "KITT.Web.ReCaptcha.Sample.Shared", "samples\KITT.Web.ReCaptcha.Sample.Shared\KITT.Web.ReCaptcha.Sample.Shared.csproj", "{28FE910D-7762-4DCE-872B-705FD8A906AB}"
EndProject
Project("{9A19103F-16F7-4668-BE54-9A1E7A4F7556}") = "KITT.Web.ReCaptcha.Samples.v2.Blazor", "samples\v2\KITT.Web.ReCaptcha.Samples.v2.Blazor\KITT.Web.ReCaptcha.Samples.v2.Blazor\KITT.Web.ReCaptcha.Samples.v2.Blazor.csproj", "{FD5AF956-9CF8-488B-BF5F-5B1A1EA27636}"
EndProject
Project("{9A19103F-16F7-4668-BE54-9A1E7A4F7556}") = "KITT.Web.ReCaptcha.Samples.v2.Blazor.Client", "samples\v2\KITT.Web.ReCaptcha.Samples.v2.Blazor\KITT.Web.ReCaptcha.Samples.v2.Blazor.Client\KITT.Web.ReCaptcha.Samples.v2.Blazor.Client.csproj", "{1F5B3AEF-C093-4F48-A7E2-AB5B61540F13}"
EndProject
Project("{9A19103F-16F7-4668-BE54-9A1E7A4F7556}") = "KITT.Web.ReCaptcha.Samples.v3.Blazor", "samples\v3\KITT.Web.ReCaptcha.Samples.v3.Blazor\KITT.Web.ReCaptcha.Samples.v3.Blazor\KITT.Web.ReCaptcha.Samples.v3.Blazor.csproj", "{97B32D11-59DD-4B24-A4C6-C5AB1B385D35}"
EndProject
Project("{9A19103F-16F7-4668-BE54-9A1E7A4F7556}") = "KITT.Web.ReCaptcha.Samples.v3.Blazor.Client", "samples\v3\KITT.Web.ReCaptcha.Samples.v3.Blazor\KITT.Web.ReCaptcha.Samples.v3.Blazor.Client\KITT.Web.ReCaptcha.Samples.v3.Blazor.Client.csproj", "{B401AEE5-DFA2-41FD-9CC3-CF3B353CFC9B}"
EndProject
Global
	GlobalSection(SolutionConfigurationPlatforms) = preSolution
		Debug|Any CPU = Debug|Any CPU
		Release|Any CPU = Release|Any CPU
	EndGlobalSection
	GlobalSection(ProjectConfigurationPlatforms) = postSolution
		{0A4FEE9D-D231-4206-AF20-6CE27837FF86}.Debug|Any CPU.ActiveCfg = Debug|Any CPU
		{0A4FEE9D-D231-4206-AF20-6CE27837FF86}.Debug|Any CPU.Build.0 = Debug|Any CPU
		{0A4FEE9D-D231-4206-AF20-6CE27837FF86}.Release|Any CPU.ActiveCfg = Release|Any CPU
		{0A4FEE9D-D231-4206-AF20-6CE27837FF86}.Release|Any CPU.Build.0 = Release|Any CPU
		{5056DCCA-021C-45CC-AB85-D554BE7A418C}.Debug|Any CPU.ActiveCfg = Debug|Any CPU
		{5056DCCA-021C-45CC-AB85-D554BE7A418C}.Debug|Any CPU.Build.0 = Debug|Any CPU
		{5056DCCA-021C-45CC-AB85-D554BE7A418C}.Release|Any CPU.ActiveCfg = Release|Any CPU
		{5056DCCA-021C-45CC-AB85-D554BE7A418C}.Release|Any CPU.Build.0 = Release|Any CPU
		{E9C2AD1C-C45F-4076-855F-E4A8BBB69685}.Debug|Any CPU.ActiveCfg = Debug|Any CPU
		{E9C2AD1C-C45F-4076-855F-E4A8BBB69685}.Debug|Any CPU.Build.0 = Debug|Any CPU
		{E9C2AD1C-C45F-4076-855F-E4A8BBB69685}.Release|Any CPU.ActiveCfg = Release|Any CPU
		{E9C2AD1C-C45F-4076-855F-E4A8BBB69685}.Release|Any CPU.Build.0 = Release|Any CPU
		{3D97264E-43DD-47DF-8549-8DA4FB764A16}.Debug|Any CPU.ActiveCfg = Debug|Any CPU
		{3D97264E-43DD-47DF-8549-8DA4FB764A16}.Debug|Any CPU.Build.0 = Debug|Any CPU
		{3D97264E-43DD-47DF-8549-8DA4FB764A16}.Release|Any CPU.ActiveCfg = Release|Any CPU
		{3D97264E-43DD-47DF-8549-8DA4FB764A16}.Release|Any CPU.Build.0 = Release|Any CPU
		{28FE910D-7762-4DCE-872B-705FD8A906AB}.Debug|Any CPU.ActiveCfg = Debug|Any CPU
		{28FE910D-7762-4DCE-872B-705FD8A906AB}.Debug|Any CPU.Build.0 = Debug|Any CPU
		{28FE910D-7762-4DCE-872B-705FD8A906AB}.Release|Any CPU.ActiveCfg = Release|Any CPU
		{28FE910D-7762-4DCE-872B-705FD8A906AB}.Release|Any CPU.Build.0 = Release|Any CPU
		{FD5AF956-9CF8-488B-BF5F-5B1A1EA27636}.Debug|Any CPU.ActiveCfg = Debug|Any CPU
		{FD5AF956-9CF8-488B-BF5F-5B1A1EA27636}.Debug|Any CPU.Build.0 = Debug|Any CPU
		{FD5AF956-9CF8-488B-BF5F-5B1A1EA27636}.Release|Any CPU.ActiveCfg = Release|Any CPU
		{FD5AF956-9CF8-488B-BF5F-5B1A1EA27636}.Release|Any CPU.Build.0 = Release|Any CPU
		{1F5B3AEF-C093-4F48-A7E2-AB5B61540F13}.Debug|Any CPU.ActiveCfg = Debug|Any CPU
		{1F5B3AEF-C093-4F48-A7E2-AB5B61540F13}.Debug|Any CPU.Build.0 = Debug|Any CPU
		{1F5B3AEF-C093-4F48-A7E2-AB5B61540F13}.Release|Any CPU.ActiveCfg = Release|Any CPU
		{1F5B3AEF-C093-4F48-A7E2-AB5B61540F13}.Release|Any CPU.Build.0 = Release|Any CPU
		{97B32D11-59DD-4B24-A4C6-C5AB1B385D35}.Debug|Any CPU.ActiveCfg = Debug|Any CPU
		{97B32D11-59DD-4B24-A4C6-C5AB1B385D35}.Debug|Any CPU.Build.0 = Debug|Any CPU
		{97B32D11-59DD-4B24-A4C6-C5AB1B385D35}.Release|Any CPU.ActiveCfg = Release|Any CPU
		{97B32D11-59DD-4B24-A4C6-C5AB1B385D35}.Release|Any CPU.Build.0 = Release|Any CPU
		{B401AEE5-DFA2-41FD-9CC3-CF3B353CFC9B}.Debug|Any CPU.ActiveCfg = Debug|Any CPU
		{B401AEE5-DFA2-41FD-9CC3-CF3B353CFC9B}.Debug|Any CPU.Build.0 = Debug|Any CPU
		{B401AEE5-DFA2-41FD-9CC3-CF3B353CFC9B}.Release|Any CPU.ActiveCfg = Release|Any CPU
		{B401AEE5-DFA2-41FD-9CC3-CF3B353CFC9B}.Release|Any CPU.Build.0 = Release|Any CPU
	EndGlobalSection
	GlobalSection(SolutionProperties) = preSolution
		HideSolutionNode = FALSE
	EndGlobalSection
	GlobalSection(NestedProjects) = preSolution
		{0A4FEE9D-D231-4206-AF20-6CE27837FF86} = {39770B25-6549-41C3-B2A6-8D652F2B4DAD}
		{5056DCCA-021C-45CC-AB85-D554BE7A418C} = {39770B25-6549-41C3-B2A6-8D652F2B4DAD}
		{E9C2AD1C-C45F-4076-855F-E4A8BBB69685} = {666921F2-3F1C-41CB-B20C-AD80DC19C147}
		{3D97264E-43DD-47DF-8549-8DA4FB764A16} = {666921F2-3F1C-41CB-B20C-AD80DC19C147}
		{03409057-8768-4B73-B81E-33524D5B5575} = {9F2FE018-66B6-420A-AB1F-F482EA4569B7}
		{4475A800-676E-4CB5-9044-D4C37DDE61E8} = {9F2FE018-66B6-420A-AB1F-F482EA4569B7}
		{28FE910D-7762-4DCE-872B-705FD8A906AB} = {9F2FE018-66B6-420A-AB1F-F482EA4569B7}
		{FD5AF956-9CF8-488B-BF5F-5B1A1EA27636} = {03409057-8768-4B73-B81E-33524D5B5575}
		{1F5B3AEF-C093-4F48-A7E2-AB5B61540F13} = {03409057-8768-4B73-B81E-33524D5B5575}
		{97B32D11-59DD-4B24-A4C6-C5AB1B385D35} = {4475A800-676E-4CB5-9044-D4C37DDE61E8}
		{B401AEE5-DFA2-41FD-9CC3-CF3B353CFC9B} = {4475A800-676E-4CB5-9044-D4C37DDE61E8}
	EndGlobalSection
	GlobalSection(ExtensibilityGlobals) = postSolution
		SolutionGuid = {E11BFBD2-D7CD-4847-9A63-9F878DC4AFD7}
	EndGlobalSection
EndGlobal
